
Microsoft Visual Studio Solution File, Format Version 12.00
# Visual Studio Version 16
VisualStudioVersion = 16.0.30621.155
MinimumVisualStudioVersion = 10.0.40219.1
Project("{9A19103F-16F7-4668-BE54-9A1E7A4F7556}") = "EtoApp1", "EtoApp1\EtoApp1.csproj", "{902B6D8A-F853-4ED6-BAE9-38C73F5D845F}"
EndProject
Project("{9A19103F-16F7-4668-BE54-9A1E7A4F7556}") = "EtoApp1.Gtk", "EtoApp1.Gtk\EtoApp1.Gtk.csproj", "{783601F2-D0CD-4335-B26C-84A924269207}"
EndProject
Project("{9A19103F-16F7-4668-BE54-9A1E7A4F7556}") = "EtoApp1.Wpf", "EtoApp1.Wpf\EtoApp1.Wpf.csproj", "{3747F073-9195-4EC8-9006-E491BA29F78D}"
EndProject
Project("{9A19103F-16F7-4668-BE54-9A1E7A4F7556}") = "formgenerator", "..\..\formgenerator\formgenerator\formgenerator.csproj", "{E29E8757-536B-40FE-8678-73CC0159A032}"
EndProject
Global
	GlobalSection(SolutionConfigurationPlatforms) = preSolution
		Debug|Any CPU = Debug|Any CPU
		Release|Any CPU = Release|Any CPU
	EndGlobalSection
	GlobalSection(ProjectConfigurationPlatforms) = postSolution
		{902B6D8A-F853-4ED6-BAE9-38C73F5D845F}.Debug|Any CPU.ActiveCfg = Debug|Any CPU
		{902B6D8A-F853-4ED6-BAE9-38C73F5D845F}.Debug|Any CPU.Build.0 = Debug|Any CPU
		{902B6D8A-F853-4ED6-BAE9-38C73F5D845F}.Release|Any CPU.ActiveCfg = Release|Any CPU
		{902B6D8A-F853-4ED6-BAE9-38C73F5D845F}.Release|Any CPU.Build.0 = Release|Any CPU
		{783601F2-D0CD-4335-B26C-84A924269207}.Debug|Any CPU.ActiveCfg = Debug|Any CPU
		{783601F2-D0CD-4335-B26C-84A924269207}.Debug|Any CPU.Build.0 = Debug|Any CPU
		{783601F2-D0CD-4335-B26C-84A924269207}.Release|Any CPU.ActiveCfg = Release|Any CPU
		{783601F2-D0CD-4335-B26C-84A924269207}.Release|Any CPU.Build.0 = Release|Any CPU
		{3747F073-9195-4EC8-9006-E491BA29F78D}.Debug|Any CPU.ActiveCfg = Debug|Any CPU
		{3747F073-9195-4EC8-9006-E491BA29F78D}.Debug|Any CPU.Build.0 = Debug|Any CPU
		{3747F073-9195-4EC8-9006-E491BA29F78D}.Release|Any CPU.ActiveCfg = Release|Any CPU
		{3747F073-9195-4EC8-9006-E491BA29F78D}.Release|Any CPU.Build.0 = Release|Any CPU
		{E29E8757-536B-40FE-8678-73CC0159A032}.Debug|Any CPU.ActiveCfg = Debug|Any CPU
		{E29E8757-536B-40FE-8678-73CC0159A032}.Debug|Any CPU.Build.0 = Debug|Any CPU
		{E29E8757-536B-40FE-8678-73CC0159A032}.Release|Any CPU.ActiveCfg = Release|Any CPU
		{E29E8757-536B-40FE-8678-73CC0159A032}.Release|Any CPU.Build.0 = Release|Any CPU
	EndGlobalSection
	GlobalSection(SolutionProperties) = preSolution
		HideSolutionNode = FALSE
	EndGlobalSection
	GlobalSection(ExtensibilityGlobals) = postSolution
		SolutionGuid = {47857121-F23B-4FD1-B3FD-23A0B03BB92D}
	EndGlobalSection
EndGlobal
