
Microsoft Visual Studio Solution File, Format Version 12.00
# Visual Studio Version 16
VisualStudioVersion = 16.0.29503.13
MinimumVisualStudioVersion = 10.0.40219.1
Project("{9A19103F-16F7-4668-BE54-9A1E7A4F7556}") = "App3", "App3.csproj", "{306F24E9-17CA-4B00-93D3-4ACA4AD293E1}"
EndProject
Global
	GlobalSection(SolutionConfigurationPlatforms) = preSolution
		Debug|Any CPU = Debug|Any CPU
		Release|Any CPU = Release|Any CPU
	EndGlobalSection
	GlobalSection(ProjectConfigurationPlatforms) = postSolution
		{306F24E9-17CA-4B00-93D3-4ACA4AD293E1}.Debug|Any CPU.ActiveCfg = Debug|Any CPU
		{306F24E9-17CA-4B00-93D3-4ACA4AD293E1}.Debug|Any CPU.Build.0 = Debug|Any CPU
		{306F24E9-17CA-4B00-93D3-4ACA4AD293E1}.Release|Any CPU.ActiveCfg = Release|Any CPU
		{306F24E9-17CA-4B00-93D3-4ACA4AD293E1}.Release|Any CPU.Build.0 = Release|Any CPU
	EndGlobalSection
	GlobalSection(SolutionProperties) = preSolution
		HideSolutionNode = FALSE
	EndGlobalSection
	GlobalSection(ExtensibilityGlobals) = postSolution
		SolutionGuid = {FB5E958D-EB7D-4E3A-BDFB-3B1661E61499}
	EndGlobalSection
EndGlobal
